
Microsoft Visual Studio Solution File, Format Version 12.00
# Visual Studio Version 17
VisualStudioVersion = 17.10.35027.167
MinimumVisualStudioVersion = 10.0.40219.1
Project("{9A19103F-16F7-4668-BE54-9A1E7A4F7556}") = "webmaster thing 2", "webmaster thing 2\webmaster thing 2.csproj", "{99E0BDE8-57EB-4D3C-B63E-6FF2CEE103DE}"
EndProject
Global
	GlobalSection(SolutionConfigurationPlatforms) = preSolution
		Debug|Any CPU = Debug|Any CPU
		Release|Any CPU = Release|Any CPU
	EndGlobalSection
	GlobalSection(ProjectConfigurationPlatforms) = postSolution
		{99E0BDE8-57EB-4D3C-B63E-6FF2CEE103DE}.Debug|Any CPU.ActiveCfg = Debug|Any CPU
		{99E0BDE8-57EB-4D3C-B63E-6FF2CEE103DE}.Debug|Any CPU.Build.0 = Debug|Any CPU
		{99E0BDE8-57EB-4D3C-B63E-6FF2CEE103DE}.Release|Any CPU.ActiveCfg = Release|Any CPU
		{99E0BDE8-57EB-4D3C-B63E-6FF2CEE103DE}.Release|Any CPU.Build.0 = Release|Any CPU
	EndGlobalSection
	GlobalSection(SolutionProperties) = preSolution
		HideSolutionNode = FALSE
	EndGlobalSection
	GlobalSection(ExtensibilityGlobals) = postSolution
		SolutionGuid = {935C91AF-61B2-4FC4-8310-D8E416C3D89E}
	EndGlobalSection
EndGlobal
